// !$*UTF8*$!
{
	archiveVersion = 1;
	classes = {
	};
	objectVersion = 56;
	objects = {

/* Begin PBXBuildFile section */
		A00000000000000000000101 /* AppModel.swift in Sources */ = {isa = PBXBuildFile; fileRef = A00000000000000000000201 /* AppModel.swift */; };
		A00000000000000000000102 /* MTGScannerApp.swift in Sources */ = {isa = PBXBuildFile; fileRef = A00000000000000000000202 /* MTGScannerApp.swift */; };
		A00000000000000000000103 /* RootTabView.swift in Sources */ = {isa = PBXBuildFile; fileRef = A00000000000000000000203 /* RootTabView.swift */; };
		A00000000000000000000104 /* ResultsView.swift in Sources */ = {isa = PBXBuildFile; fileRef = A00000000000000000000204 /* ResultsView.swift */; };
		A00000000000000000000105 /* ScanView.swift in Sources */ = {isa = PBXBuildFile; fileRef = A00000000000000000000205 /* ScanView.swift */; };
		A00000000000000000000106 /* SettingsView.swift in Sources */ = {isa = PBXBuildFile; fileRef = A00000000000000000000206 /* SettingsView.swift */; };
		A00000000000000000000107 /* RecognitionModels.swift in Sources */ = {isa = PBXBuildFile; fileRef = A00000000000000000000207 /* RecognitionModels.swift */; };
		A00000000000000000000108 /* APIClient.swift in Sources */ = {isa = PBXBuildFile; fileRef = A00000000000000000000208 /* APIClient.swift */; };
		A00000000000000000000109 /* AppConfig.swift in Sources */ = {isa = PBXBuildFile; fileRef = A00000000000000000000209 /* AppConfig.swift */; };
		A0000000000000000000010B /* Assets.xcassets in Resources */ = {isa = PBXBuildFile; fileRef = A0000000000000000000020C /* Assets.xcassets */; };
		A0000000000000000000010C /* CardCropService.swift in Sources */ = {isa = PBXBuildFile; fileRef = A0000000000000000000020D /* CardCropService.swift */; };
		A00000000000000000000110 /* DetectedCard.swift in Sources */ = {isa = PBXBuildFile; fileRef = A00000000000000000000210 /* DetectedCard.swift */; };
		A00000000000000000000111 /* DetectionMode.swift in Sources */ = {isa = PBXBuildFile; fileRef = A00000000000000000000211 /* DetectionMode.swift */; };
		A00000000000000000000112 /* RectangleFilter.swift in Sources */ = {isa = PBXBuildFile; fileRef = A00000000000000000000212 /* RectangleFilter.swift */; };
		A00000000000000000000113 /* GridInterpolator.swift in Sources */ = {isa = PBXBuildFile; fileRef = A00000000000000000000213 /* GridInterpolator.swift */; };
		A00000000000000000000114 /* CardDetectionEngine.swift in Sources */ = {isa = PBXBuildFile; fileRef = A00000000000000000000214 /* CardDetectionEngine.swift */; };
		A00000000000000000000115 /* CameraSessionManager.swift in Sources */ = {isa = PBXBuildFile; fileRef = A00000000000000000000215 /* CameraSessionManager.swift */; };
		A00000000000000000000116 /* DetectionOverlayRenderer.swift in Sources */ = {isa = PBXBuildFile; fileRef = A00000000000000000000216 /* DetectionOverlayRenderer.swift */; };
		A00000000000000000000117 /* CameraViewController.swift in Sources */ = {isa = PBXBuildFile; fileRef = A00000000000000000000217 /* CameraViewController.swift */; };
		A00000000000000000000118 /* CameraPreviewRepresentable.swift in Sources */ = {isa = PBXBuildFile; fileRef = A00000000000000000000218 /* CameraPreviewRepresentable.swift */; };
		A00000000000000000000119 /* CardDetectionViewModel.swift in Sources */ = {isa = PBXBuildFile; fileRef = A00000000000000000000219 /* CardDetectionViewModel.swift */; };
		A0000000000000000000011D /* CameraCaptureCoordinator.swift in Sources */ = {isa = PBXBuildFile; fileRef = A0000000000000000000021D /* CameraCaptureCoordinator.swift */; };
		A0000000000000000000011E /* CaptureButton.swift in Sources */ = {isa = PBXBuildFile; fileRef = A0000000000000000000021E /* CaptureButton.swift */; };
		A0000000000000000000011B /* CardTracker.swift in Sources */ = {isa = PBXBuildFile; fileRef = A0000000000000000000021B /* CardTracker.swift */; };
		A00000000000000000000180 /* CorrectionView.swift in Sources */ = {isa = PBXBuildFile; fileRef = A0000000000000000000020B /* CorrectionView.swift */; };
		A00000000000000000000190 /* DetectedCardTests.swift in Sources */ = {isa = PBXBuildFile; fileRef = A00000000000000000000290 /* DetectedCardTests.swift */; };
		A00000000000000000000191 /* RectangleFilterTests.swift in Sources */ = {isa = PBXBuildFile; fileRef = A00000000000000000000291 /* RectangleFilterTests.swift */; };
		A00000000000000000000192 /* GridInterpolatorTests.swift in Sources */ = {isa = PBXBuildFile; fileRef = A00000000000000000000292 /* GridInterpolatorTests.swift */; };
		A00000000000000000000193 /* DetectionOverlayRendererTests.swift in Sources */ = {isa = PBXBuildFile; fileRef = A00000000000000000000293 /* DetectionOverlayRendererTests.swift */; };
		A00000000000000000000194 /* AppModelCropToggleTests.swift in Sources */ = {isa = PBXBuildFile; fileRef = A00000000000000000000294 /* AppModelCropToggleTests.swift */; };
		A00000000000000000000195 /* APIClientHealthTests.swift in Sources */ = {isa = PBXBuildFile; fileRef = A00000000000000000000295 /* APIClientHealthTests.swift */; };
		A00000000000000000000196 /* ZoomFactorTests.swift in Sources */ = {isa = PBXBuildFile; fileRef = A00000000000000000000296 /* ZoomFactorTests.swift */; };
		A00000000000000000000197 /* ZoomPresetTests.swift in Sources */ = {isa = PBXBuildFile; fileRef = A00000000000000000000297 /* ZoomPresetTests.swift */; };
		A00000000000000000000123 /* ZoomPresetControl.swift in Sources */ = {isa = PBXBuildFile; fileRef = A00000000000000000000223 /* ZoomPresetControl.swift */; };
		A00000000000000000000120 /* CardDetailView.swift in Sources */ = {isa = PBXBuildFile; fileRef = A00000000000000000000220 /* CardDetailView.swift */; };
		A0000000000000000000012B /* CardDetailSubviews.swift in Sources */ = {isa = PBXBuildFile; fileRef = A0000000000000000000022B /* CardDetailSubviews.swift */; };
		A00000000000000000000121 /* CardDetailViewModel.swift in Sources */ = {isa = PBXBuildFile; fileRef = A00000000000000000000221 /* CardDetailViewModel.swift */; };
		A00000000000000000000122 /* FullscreenImageView.swift in Sources */ = {isa = PBXBuildFile; fileRef = A00000000000000000000222 /* FullscreenImageView.swift */; };
		A0000000000000000000012B /* CardDetailSubviews.swift in Sources */ = {isa = PBXBuildFile; fileRef = A0000000000000000000022B /* CardDetailSubviews.swift */; };
		A00000000000000000000124 /* CollectionModels.swift in Sources */ = {isa = PBXBuildFile; fileRef = A00000000000000000000224 /* CollectionModels.swift */; };
		A00000000000000000000198 /* CollectionModelsTests.swift in Sources */ = {isa = PBXBuildFile; fileRef = A00000000000000000000298 /* CollectionModelsTests.swift */; };
		A00000000000000000000125 /* MoveToSheet.swift in Sources */ = {isa = PBXBuildFile; fileRef = A00000000000000000000225 /* MoveToSheet.swift */; };
		A00000000000000000000126 /* CollectionItemRow.swift in Sources */ = {isa = PBXBuildFile; fileRef = A00000000000000000000226 /* CollectionItemRow.swift */; };
		A00000000000000000000140 /* CachedAsyncImage.swift in Sources */ = {isa = PBXBuildFile; fileRef = A00000000000000000000240 /* CachedAsyncImage.swift */; };
		A00000000000000000000127 /* LibraryView.swift in Sources */ = {isa = PBXBuildFile; fileRef = A00000000000000000000227 /* LibraryView.swift */; };
		A00000000000000000000128 /* LibraryViewModel.swift in Sources */ = {isa = PBXBuildFile; fileRef = A00000000000000000000228 /* LibraryViewModel.swift */; };
		A00000000000000000000129 /* CollectionDetailView.swift in Sources */ = {isa = PBXBuildFile; fileRef = A00000000000000000000229 /* CollectionDetailView.swift */; };
		A0000000000000000000012A /* DeckDetailView.swift in Sources */ = {isa = PBXBuildFile; fileRef = A0000000000000000000022A /* DeckDetailView.swift */; };
		B00000000000000000000011 /* ExportService.swift in Sources */ = {isa = PBXBuildFile; fileRef = B00000000000000000000001 /* ExportService.swift */; };
		B00000000000000000000012 /* ExportButton.swift in Sources */ = {isa = PBXBuildFile; fileRef = B00000000000000000000002 /* ExportButton.swift */; };
		B00000000000000000000013 /* ExportServiceTests.swift in Sources */ = {isa = PBXBuildFile; fileRef = B00000000000000000000003 /* ExportServiceTests.swift */; };
		C000000000000000000001A0 /* MTGCardDetector.mlpackage in Resources */ = {isa = PBXBuildFile; fileRef = C000000000000000000002A0 /* MTGCardDetector.mlpackage */; };
		C000000000000000000001A1 /* YOLOCardDetector.swift in Sources */ = {isa = PBXBuildFile; fileRef = C000000000000000000002A1 /* YOLOCardDetector.swift */; };
		C000000000000000000001A2 /* FrameDifferenceAnalyzer.swift in Sources */ = {isa = PBXBuildFile; fileRef = C000000000000000000002A2 /* FrameDifferenceAnalyzer.swift */; };
		C000000000000000000001A3 /* CardPresenceTracker.swift in Sources */ = {isa = PBXBuildFile; fileRef = C000000000000000000002A3 /* CardPresenceTracker.swift */; };
		C000000000000000000001A4 /* QuickScanView.swift in Sources */ = {isa = PBXBuildFile; fileRef = C000000000000000000002A4 /* QuickScanView.swift */; };
		C000000000000000000001A5 /* QuickScanViewModel.swift in Sources */ = {isa = PBXBuildFile; fileRef = C000000000000000000002A5 /* QuickScanViewModel.swift */; };
		C000000000000000000001A6 /* RecognitionQueue.swift in Sources */ = {isa = PBXBuildFile; fileRef = C000000000000000000002A6 /* RecognitionQueue.swift */; };
		C000000000000000000001A8 /* ScanMenuButton.swift in Sources */ = {isa = PBXBuildFile; fileRef = C000000000000000000002A8 /* ScanMenuButton.swift */; };
		C000000000000000000001B0 /* YOLOCardDetectorTests.swift in Sources */ = {isa = PBXBuildFile; fileRef = C000000000000000000002B0 /* YOLOCardDetectorTests.swift */; };
		C000000000000000000001B1 /* FrameDifferenceAnalyzerTests.swift in Sources */ = {isa = PBXBuildFile; fileRef = C000000000000000000002B1 /* FrameDifferenceAnalyzerTests.swift */; };
		C000000000000000000001B2 /* CardPresenceTrackerTests.swift in Sources */ = {isa = PBXBuildFile; fileRef = C000000000000000000002B2 /* CardPresenceTrackerTests.swift */; };
		C000000000000000000001B3 /* QuickScanViewModelTests.swift in Sources */ = {isa = PBXBuildFile; fileRef = C000000000000000000002B3 /* QuickScanViewModelTests.swift */; };
		C000000000000000000001B4 /* RecognitionQueueTests.swift in Sources */ = {isa = PBXBuildFile; fileRef = C000000000000000000002B4 /* RecognitionQueueTests.swift */; };
		C000000000000000000001B5 /* ScanMenuButtonTests.swift in Sources */ = {isa = PBXBuildFile; fileRef = C000000000000000000002B5 /* ScanMenuButtonTests.swift */; };
/* End PBXBuildFile section */

/* Begin PBXContainerItemProxy section */
		A00000000000000000000034 /* PBXContainerItemProxy */ = {
			isa = PBXContainerItemProxy;
			containerPortal = A00000000000000000000006 /* Project object */;
			proxyType = 1;
			remoteGlobalIDString = A00000000000000000000005;
			remoteInfo = MTGScanner;
		};
/* End PBXContainerItemProxy section */

/* Begin PBXFileReference section */
		A00000000000000000000001 /* MTGScanner.app */ = {isa = PBXFileReference; explicitFileType = wrapper.application; includeInIndex = 0; path = MTGScanner.app; sourceTree = BUILT_PRODUCTS_DIR; };
		A00000000000000000000030 /* MTGScannerTests.xctest */ = {isa = PBXFileReference; explicitFileType = wrapper.cfbundle; includeInIndex = 0; path = MTGScannerTests.xctest; sourceTree = BUILT_PRODUCTS_DIR; };
		A00000000000000000000201 /* AppModel.swift */ = {isa = PBXFileReference; lastKnownFileType = sourcecode.swift; path = AppModel.swift; sourceTree = "<group>"; };
		A00000000000000000000202 /* MTGScannerApp.swift */ = {isa = PBXFileReference; lastKnownFileType = sourcecode.swift; path = MTGScannerApp.swift; sourceTree = "<group>"; };
		A00000000000000000000203 /* RootTabView.swift */ = {isa = PBXFileReference; lastKnownFileType = sourcecode.swift; path = RootTabView.swift; sourceTree = "<group>"; };
		A00000000000000000000204 /* ResultsView.swift */ = {isa = PBXFileReference; lastKnownFileType = sourcecode.swift; path = ResultsView.swift; sourceTree = "<group>"; };
		A00000000000000000000205 /* ScanView.swift */ = {isa = PBXFileReference; lastKnownFileType = sourcecode.swift; path = ScanView.swift; sourceTree = "<group>"; };
		A00000000000000000000206 /* SettingsView.swift */ = {isa = PBXFileReference; lastKnownFileType = sourcecode.swift; path = SettingsView.swift; sourceTree = "<group>"; };
		A00000000000000000000207 /* RecognitionModels.swift */ = {isa = PBXFileReference; lastKnownFileType = sourcecode.swift; path = RecognitionModels.swift; sourceTree = "<group>"; };
		A00000000000000000000208 /* APIClient.swift */ = {isa = PBXFileReference; lastKnownFileType = sourcecode.swift; path = APIClient.swift; sourceTree = "<group>"; };
		A00000000000000000000209 /* AppConfig.swift */ = {isa = PBXFileReference; lastKnownFileType = sourcecode.swift; path = AppConfig.swift; sourceTree = "<group>"; };
		A0000000000000000000020B /* CorrectionView.swift */ = {isa = PBXFileReference; lastKnownFileType = sourcecode.swift; path = CorrectionView.swift; sourceTree = "<group>"; };
		A0000000000000000000020C /* Assets.xcassets */ = {isa = PBXFileReference; lastKnownFileType = folder.assetcatalog; path = Assets.xcassets; sourceTree = "<group>"; };
		A0000000000000000000020D /* CardCropService.swift */ = {isa = PBXFileReference; lastKnownFileType = sourcecode.swift; path = CardCropService.swift; sourceTree = "<group>"; };
		A00000000000000000000210 /* DetectedCard.swift */ = {isa = PBXFileReference; lastKnownFileType = sourcecode.swift; path = DetectedCard.swift; sourceTree = "<group>"; };
		A00000000000000000000211 /* DetectionMode.swift */ = {isa = PBXFileReference; lastKnownFileType = sourcecode.swift; path = DetectionMode.swift; sourceTree = "<group>"; };
		A00000000000000000000212 /* RectangleFilter.swift */ = {isa = PBXFileReference; lastKnownFileType = sourcecode.swift; path = RectangleFilter.swift; sourceTree = "<group>"; };
		A00000000000000000000213 /* GridInterpolator.swift */ = {isa = PBXFileReference; lastKnownFileType = sourcecode.swift; path = GridInterpolator.swift; sourceTree = "<group>"; };
		A00000000000000000000214 /* CardDetectionEngine.swift */ = {isa = PBXFileReference; lastKnownFileType = sourcecode.swift; path = CardDetectionEngine.swift; sourceTree = "<group>"; };
		A00000000000000000000215 /* CameraSessionManager.swift */ = {isa = PBXFileReference; lastKnownFileType = sourcecode.swift; path = CameraSessionManager.swift; sourceTree = "<group>"; };
		A00000000000000000000216 /* DetectionOverlayRenderer.swift */ = {isa = PBXFileReference; lastKnownFileType = sourcecode.swift; path = DetectionOverlayRenderer.swift; sourceTree = "<group>"; };
		A00000000000000000000217 /* CameraViewController.swift */ = {isa = PBXFileReference; lastKnownFileType = sourcecode.swift; path = CameraViewController.swift; sourceTree = "<group>"; };
		A00000000000000000000218 /* CameraPreviewRepresentable.swift */ = {isa = PBXFileReference; lastKnownFileType = sourcecode.swift; path = CameraPreviewRepresentable.swift; sourceTree = "<group>"; };
		A00000000000000000000219 /* CardDetectionViewModel.swift */ = {isa = PBXFileReference; lastKnownFileType = sourcecode.swift; path = CardDetectionViewModel.swift; sourceTree = "<group>"; };
		A0000000000000000000021D /* CameraCaptureCoordinator.swift */ = {isa = PBXFileReference; lastKnownFileType = sourcecode.swift; path = CameraCaptureCoordinator.swift; sourceTree = "<group>"; };
		A0000000000000000000021E /* CaptureButton.swift */ = {isa = PBXFileReference; lastKnownFileType = sourcecode.swift; path = CaptureButton.swift; sourceTree = "<group>"; };
		A0000000000000000000021B /* CardTracker.swift */ = {isa = PBXFileReference; lastKnownFileType = sourcecode.swift; path = CardTracker.swift; sourceTree = "<group>"; };
		A00000000000000000000280 /* Info.plist */ = {isa = PBXFileReference; lastKnownFileType = text.plist.xml; path = Info.plist; sourceTree = "<group>"; };
		A00000000000000000000290 /* DetectedCardTests.swift */ = {isa = PBXFileReference; lastKnownFileType = sourcecode.swift; path = DetectedCardTests.swift; sourceTree = "<group>"; };
		A00000000000000000000291 /* RectangleFilterTests.swift */ = {isa = PBXFileReference; lastKnownFileType = sourcecode.swift; path = RectangleFilterTests.swift; sourceTree = "<group>"; };
		A00000000000000000000292 /* GridInterpolatorTests.swift */ = {isa = PBXFileReference; lastKnownFileType = sourcecode.swift; path = GridInterpolatorTests.swift; sourceTree = "<group>"; };
		A00000000000000000000293 /* DetectionOverlayRendererTests.swift */ = {isa = PBXFileReference; lastKnownFileType = sourcecode.swift; path = DetectionOverlayRendererTests.swift; sourceTree = "<group>"; };
		A00000000000000000000294 /* AppModelCropToggleTests.swift */ = {isa = PBXFileReference; lastKnownFileType = sourcecode.swift; path = AppModelCropToggleTests.swift; sourceTree = "<group>"; };
		A00000000000000000000295 /* APIClientHealthTests.swift */ = {isa = PBXFileReference; lastKnownFileType = sourcecode.swift; path = APIClientHealthTests.swift; sourceTree = "<group>"; };
		A00000000000000000000296 /* ZoomFactorTests.swift */ = {isa = PBXFileReference; lastKnownFileType = sourcecode.swift; path = ZoomFactorTests.swift; sourceTree = "<group>"; };
		A00000000000000000000297 /* ZoomPresetTests.swift */ = {isa = PBXFileReference; lastKnownFileType = sourcecode.swift; path = ZoomPresetTests.swift; sourceTree = "<group>"; };
		A00000000000000000000223 /* ZoomPresetControl.swift */ = {isa = PBXFileReference; lastKnownFileType = sourcecode.swift; path = ZoomPresetControl.swift; sourceTree = "<group>"; };
		A00000000000000000000220 /* CardDetailView.swift */ = {isa = PBXFileReference; lastKnownFileType = sourcecode.swift; path = CardDetailView.swift; sourceTree = "<group>"; };
		A0000000000000000000022B /* CardDetailSubviews.swift */ = {isa = PBXFileReference; lastKnownFileType = sourcecode.swift; path = CardDetailSubviews.swift; sourceTree = "<group>"; };
		A00000000000000000000221 /* CardDetailViewModel.swift */ = {isa = PBXFileReference; lastKnownFileType = sourcecode.swift; path = CardDetailViewModel.swift; sourceTree = "<group>"; };
		A0000000000000000000022B /* CardDetailSubviews.swift */ = {isa = PBXFileReference; lastKnownFileType = sourcecode.swift; path = CardDetailSubviews.swift; sourceTree = "<group>"; };
		A00000000000000000000222 /* FullscreenImageView.swift */ = {isa = PBXFileReference; lastKnownFileType = sourcecode.swift; path = FullscreenImageView.swift; sourceTree = "<group>"; };
		A00000000000000000000224 /* CollectionModels.swift */ = {isa = PBXFileReference; lastKnownFileType = sourcecode.swift; path = CollectionModels.swift; sourceTree = "<group>"; };
		A00000000000000000000298 /* CollectionModelsTests.swift */ = {isa = PBXFileReference; lastKnownFileType = sourcecode.swift; path = CollectionModelsTests.swift; sourceTree = "<group>"; };
		A00000000000000000000225 /* MoveToSheet.swift */ = {isa = PBXFileReference; lastKnownFileType = sourcecode.swift; path = MoveToSheet.swift; sourceTree = "<group>"; };
		A00000000000000000000226 /* CollectionItemRow.swift */ = {isa = PBXFileReference; lastKnownFileType = sourcecode.swift; path = CollectionItemRow.swift; sourceTree = "<group>"; };
		A00000000000000000000240 /* CachedAsyncImage.swift */ = {isa = PBXFileReference; lastKnownFileType = sourcecode.swift; path = CachedAsyncImage.swift; sourceTree = "<group>"; };
		A00000000000000000000227 /* LibraryView.swift */ = {isa = PBXFileReference; lastKnownFileType = sourcecode.swift; path = LibraryView.swift; sourceTree = "<group>"; };
		A00000000000000000000228 /* LibraryViewModel.swift */ = {isa = PBXFileReference; lastKnownFileType = sourcecode.swift; path = LibraryViewModel.swift; sourceTree = "<group>"; };
		A00000000000000000000229 /* CollectionDetailView.swift */ = {isa = PBXFileReference; lastKnownFileType = sourcecode.swift; path = CollectionDetailView.swift; sourceTree = "<group>"; };
		A0000000000000000000022A /* DeckDetailView.swift */ = {isa = PBXFileReference; lastKnownFileType = sourcecode.swift; path = DeckDetailView.swift; sourceTree = "<group>"; };
		B00000000000000000000001 /* ExportService.swift */ = {isa = PBXFileReference; lastKnownFileType = sourcecode.swift; path = ExportService.swift; sourceTree = "<group>"; };
		B00000000000000000000002 /* ExportButton.swift */ = {isa = PBXFileReference; lastKnownFileType = sourcecode.swift; path = ExportButton.swift; sourceTree = "<group>"; };
		B00000000000000000000003 /* ExportServiceTests.swift */ = {isa = PBXFileReference; lastKnownFileType = sourcecode.swift; path = ExportServiceTests.swift; sourceTree = "<group>"; };
		C000000000000000000002A0 /* MTGCardDetector.mlpackage */ = {isa = PBXFileReference; lastKnownFileType = wrapper.mlpackage; path = MTGCardDetector.mlpackage; sourceTree = "<group>"; };
		C000000000000000000002A1 /* YOLOCardDetector.swift */ = {isa = PBXFileReference; lastKnownFileType = sourcecode.swift; path = YOLOCardDetector.swift; sourceTree = "<group>"; };
		C000000000000000000002A2 /* FrameDifferenceAnalyzer.swift */ = {isa = PBXFileReference; lastKnownFileType = sourcecode.swift; path = FrameDifferenceAnalyzer.swift; sourceTree = "<group>"; };
		C000000000000000000002A3 /* CardPresenceTracker.swift */ = {isa = PBXFileReference; lastKnownFileType = sourcecode.swift; path = CardPresenceTracker.swift; sourceTree = "<group>"; };
		C000000000000000000002A4 /* QuickScanView.swift */ = {isa = PBXFileReference; lastKnownFileType = sourcecode.swift; path = QuickScanView.swift; sourceTree = "<group>"; };
		C000000000000000000002A5 /* QuickScanViewModel.swift */ = {isa = PBXFileReference; lastKnownFileType = sourcecode.swift; path = QuickScanViewModel.swift; sourceTree = "<group>"; };
		C000000000000000000002A6 /* RecognitionQueue.swift */ = {isa = PBXFileReference; lastKnownFileType = sourcecode.swift; path = RecognitionQueue.swift; sourceTree = "<group>"; };
		C000000000000000000002A8 /* ScanMenuButton.swift */ = {isa = PBXFileReference; lastKnownFileType = sourcecode.swift; path = ScanMenuButton.swift; sourceTree = "<group>"; };
		C000000000000000000002B0 /* YOLOCardDetectorTests.swift */ = {isa = PBXFileReference; lastKnownFileType = sourcecode.swift; path = YOLOCardDetectorTests.swift; sourceTree = "<group>"; };
		C000000000000000000002B1 /* FrameDifferenceAnalyzerTests.swift */ = {isa = PBXFileReference; lastKnownFileType = sourcecode.swift; path = FrameDifferenceAnalyzerTests.swift; sourceTree = "<group>"; };
		C000000000000000000002B2 /* CardPresenceTrackerTests.swift */ = {isa = PBXFileReference; lastKnownFileType = sourcecode.swift; path = CardPresenceTrackerTests.swift; sourceTree = "<group>"; };
		C000000000000000000002B3 /* QuickScanViewModelTests.swift */ = {isa = PBXFileReference; lastKnownFileType = sourcecode.swift; path = QuickScanViewModelTests.swift; sourceTree = "<group>"; };
		C000000000000000000002B4 /* RecognitionQueueTests.swift */ = {isa = PBXFileReference; lastKnownFileType = sourcecode.swift; path = RecognitionQueueTests.swift; sourceTree = "<group>"; };
		C000000000000000000002B5 /* ScanMenuButtonTests.swift */ = {isa = PBXFileReference; lastKnownFileType = sourcecode.swift; path = ScanMenuButtonTests.swift; sourceTree = "<group>"; };
/* End PBXFileReference section */

/* Begin PBXFrameworksBuildPhase section */
		A00000000000000000000008 /* Frameworks */ = {
			isa = PBXFrameworksBuildPhase;
			buildActionMask = 2147483647;
			files = (
			);
			runOnlyForDeploymentPostprocessing = 0;
		};
		A00000000000000000000038 /* Frameworks */ = {
			isa = PBXFrameworksBuildPhase;
			buildActionMask = 2147483647;
			files = (
			);
			runOnlyForDeploymentPostprocessing = 0;
		};
/* End PBXFrameworksBuildPhase section */

/* Begin PBXGroup section */
		A00000000000000000000002 = {
			isa = PBXGroup;
			children = (
				A00000000000000000000003 /* MTGScanner */,
				A00000000000000000000040 /* MTGScannerTests */,
				A00000000000000000000004 /* Products */,
			);
			sourceTree = "<group>";
		};
		A00000000000000000000003 /* MTGScanner */ = {
			isa = PBXGroup;
			children = (
				A00000000000000000000011 /* App */,
				A00000000000000000000012 /* Features */,
				A00000000000000000000013 /* Models */,
				A00000000000000000000014 /* Services */,
				A00000000000000000000015 /* Support */,
			);
			path = MTGScanner;
			sourceTree = "<group>";
		};
		A00000000000000000000004 /* Products */ = {
			isa = PBXGroup;
			children = (
				A00000000000000000000001 /* MTGScanner.app */,
				A00000000000000000000030 /* MTGScannerTests.xctest */,
			);
			name = Products;
			sourceTree = "<group>";
		};
		A00000000000000000000011 /* App */ = {
			isa = PBXGroup;
			children = (
				A00000000000000000000201 /* AppModel.swift */,
				A00000000000000000000202 /* MTGScannerApp.swift */,
				A00000000000000000000203 /* RootTabView.swift */,
			);
			path = App;
			sourceTree = "<group>";
		};
		A00000000000000000000012 /* Features */ = {
			isa = PBXGroup;
			children = (
				A00000000000000000000025 /* CardDetail */,
				A00000000000000000000019 /* Correction */,
				A00000000000000000000020 /* CardDetection */,
				A00000000000000000000016 /* Results */,
				A00000000000000000000017 /* Scan */,
				A00000000000000000000018 /* Settings */,
				A00000000000000000000027 /* Library */,
				A00000000000000000000026 /* Shared */,
				C00000000000000000000001 /* QuickScan */,
			);
			path = Features;
			sourceTree = "<group>";
		};
		A00000000000000000000026 /* Shared */ = {
			isa = PBXGroup;
			children = (
				B00000000000000000000002 /* ExportButton.swift */,
				A00000000000000000000225 /* MoveToSheet.swift */,
				A00000000000000000000226 /* CollectionItemRow.swift */,
				A00000000000000000000240 /* CachedAsyncImage.swift */,
			);
			path = Shared;
			sourceTree = "<group>";
		};
		A00000000000000000000027 /* Library */ = {
			isa = PBXGroup;
			children = (
				A00000000000000000000227 /* LibraryView.swift */,
				A00000000000000000000228 /* LibraryViewModel.swift */,
				A00000000000000000000229 /* CollectionDetailView.swift */,
				A0000000000000000000022A /* DeckDetailView.swift */,
			);
			path = Library;
			sourceTree = "<group>";
		};
		A00000000000000000000013 /* Models */ = {
			isa = PBXGroup;
			children = (
				A00000000000000000000224 /* CollectionModels.swift */,
				A00000000000000000000207 /* RecognitionModels.swift */,
			);
			path = Models;
			sourceTree = "<group>";
		};
		A00000000000000000000014 /* Services */ = {
			isa = PBXGroup;
			children = (
				A00000000000000000000208 /* APIClient.swift */,
				A0000000000000000000020D /* CardCropService.swift */,
				B00000000000000000000001 /* ExportService.swift */,
			);
			path = Services;
			sourceTree = "<group>";
		};
		A00000000000000000000015 /* Support */ = {
			isa = PBXGroup;
			children = (
				A0000000000000000000020C /* Assets.xcassets */,
				A00000000000000000000209 /* AppConfig.swift */,
				A00000000000000000000280 /* Info.plist */,
				C000000000000000000002A0 /* MTGCardDetector.mlpackage */,
			);
			path = Support;
			sourceTree = "<group>";
		};
		A00000000000000000000016 /* Results */ = {
			isa = PBXGroup;
			children = (
				A00000000000000000000204 /* ResultsView.swift */,
			);
			path = Results;
			sourceTree = "<group>";
		};
		A00000000000000000000017 /* Scan */ = {
			isa = PBXGroup;
			children = (
				A00000000000000000000205 /* ScanView.swift */,
				A0000000000000000000021E /* CaptureButton.swift */,
				A00000000000000000000223 /* ZoomPresetControl.swift */,
				C000000000000000000002A8 /* ScanMenuButton.swift */,
			);
			path = Scan;
			sourceTree = "<group>";
		};
		A00000000000000000000018 /* Settings */ = {
			isa = PBXGroup;
			children = (
				A00000000000000000000206 /* SettingsView.swift */,
			);
			path = Settings;
			sourceTree = "<group>";
		};
		A00000000000000000000019 /* Correction */ = {
			isa = PBXGroup;
			children = (
				A0000000000000000000020B /* CorrectionView.swift */,
			);
			path = Correction;
			sourceTree = "<group>";
		};
		A0000000000000000000001A /* Models */ = {
			isa = PBXGroup;
			children = (
				A00000000000000000000210 /* DetectedCard.swift */,
				A00000000000000000000211 /* DetectionMode.swift */,
			);
			path = Models;
			sourceTree = "<group>";
		};
		A0000000000000000000001B /* Detection */ = {
			isa = PBXGroup;
			children = (
				A00000000000000000000212 /* RectangleFilter.swift */,
				A00000000000000000000213 /* GridInterpolator.swift */,
				A00000000000000000000214 /* CardDetectionEngine.swift */,
				A0000000000000000000021B /* CardTracker.swift */,
				C000000000000000000002A1 /* YOLOCardDetector.swift */,
				C000000000000000000002A2 /* FrameDifferenceAnalyzer.swift */,
				C000000000000000000002A3 /* CardPresenceTracker.swift */,
			);
			path = Detection;
			sourceTree = "<group>";
		};
		A0000000000000000000001C /* Camera */ = {
			isa = PBXGroup;
			children = (
				A00000000000000000000215 /* CameraSessionManager.swift */,
				A00000000000000000000217 /* CameraViewController.swift */,
				A00000000000000000000218 /* CameraPreviewRepresentable.swift */,
				A0000000000000000000021D /* CameraCaptureCoordinator.swift */,
			);
			path = Camera;
			sourceTree = "<group>";
		};
		A0000000000000000000001D /* Overlay */ = {
			isa = PBXGroup;
			children = (
				A00000000000000000000216 /* DetectionOverlayRenderer.swift */,
			);
			path = Overlay;
			sourceTree = "<group>";
		};
		A0000000000000000000001E /* ViewModels */ = {
			isa = PBXGroup;
			children = (
				A00000000000000000000219 /* CardDetectionViewModel.swift */,
			);
			path = ViewModels;
			sourceTree = "<group>";
		};
		A0000000000000000000001F /* Views */ = {
			isa = PBXGroup;
			children = (
			);
			path = Views;
			sourceTree = "<group>";
		};
		A00000000000000000000020 /* CardDetection */ = {
			isa = PBXGroup;
			children = (
				A0000000000000000000001A /* Models */,
				A0000000000000000000001B /* Detection */,
				A0000000000000000000001C /* Camera */,
				A0000000000000000000001D /* Overlay */,
				A0000000000000000000001E /* ViewModels */,
				A0000000000000000000001F /* Views */,
			);
			path = CardDetection;
			sourceTree = "<group>";
		};
		A00000000000000000000025 /* CardDetail */ = {
			isa = PBXGroup;
			children = (
				A00000000000000000000220 /* CardDetailView.swift */,
				A0000000000000000000022B /* CardDetailSubviews.swift */,
				A00000000000000000000221 /* CardDetailViewModel.swift */,
				A00000000000000000000222 /* FullscreenImageView.swift */,
			);
			path = CardDetail;
			sourceTree = "<group>";
		};
		A00000000000000000000040 /* MTGScannerTests */ = {
			isa = PBXGroup;
			children = (
				A00000000000000000000290 /* DetectedCardTests.swift */,
				A00000000000000000000291 /* RectangleFilterTests.swift */,
				A00000000000000000000292 /* GridInterpolatorTests.swift */,
				A00000000000000000000293 /* DetectionOverlayRendererTests.swift */,
				A00000000000000000000294 /* AppModelCropToggleTests.swift */,
				A00000000000000000000295 /* APIClientHealthTests.swift */,
				A00000000000000000000296 /* ZoomFactorTests.swift */,
				A00000000000000000000297 /* ZoomPresetTests.swift */,
				A00000000000000000000298 /* CollectionModelsTests.swift */,
				B00000000000000000000003 /* ExportServiceTests.swift */,
				C000000000000000000002B0 /* YOLOCardDetectorTests.swift */,
				C000000000000000000002B1 /* FrameDifferenceAnalyzerTests.swift */,
				C000000000000000000002B2 /* CardPresenceTrackerTests.swift */,
				C000000000000000000002B3 /* QuickScanViewModelTests.swift */,
				C000000000000000000002B4 /* RecognitionQueueTests.swift */,
				C000000000000000000002B5 /* ScanMenuButtonTests.swift */,
			);
			path = MTGScannerTests;
			sourceTree = "<group>";
		};
		C00000000000000000000001 /* QuickScan */ = {
			isa = PBXGroup;
			children = (
				C000000000000000000002A4 /* QuickScanView.swift */,
				C000000000000000000002A5 /* QuickScanViewModel.swift */,
				C000000000000000000002A6 /* RecognitionQueue.swift */,
			);
			path = QuickScan;
			sourceTree = "<group>";
		};
/* End PBXGroup section */

/* Begin PBXNativeTarget section */
		A00000000000000000000005 /* MTGScanner */ = {
			isa = PBXNativeTarget;
			buildConfigurationList = A00000000000000000000009 /* Build configuration list for PBXNativeTarget "MTGScanner" */;
			buildPhases = (
				A00000000000000000000007 /* Sources */,
				A00000000000000000000008 /* Frameworks */,
				A0000000000000000000000C /* Resources */,
			);
			buildRules = (
			);
			dependencies = (
			);
			name = MTGScanner;
			productName = MTGScanner;
			productReference = A00000000000000000000001 /* MTGScanner.app */;
			productType = "com.apple.product-type.application";
		};
		A00000000000000000000031 /* MTGScannerTests */ = {
			isa = PBXNativeTarget;
			buildConfigurationList = A00000000000000000000039 /* Build configuration list for PBXNativeTarget "MTGScannerTests" */;
			buildPhases = (
				A00000000000000000000037 /* Sources */,
				A00000000000000000000038 /* Frameworks */,
			);
			buildRules = (
			);
			dependencies = (
				A00000000000000000000033 /* PBXTargetDependency */,
			);
			name = MTGScannerTests;
			productName = MTGScannerTests;
			productReference = A00000000000000000000030 /* MTGScannerTests.xctest */;
			productType = "com.apple.product-type.bundle.unit-test";
		};
/* End PBXNativeTarget section */

/* Begin PBXProject section */
		A00000000000000000000006 /* Project object */ = {
			isa = PBXProject;
			attributes = {
				BuildIndependentTargetsInParallel = 1;
				LastSwiftUpdateCheck = 1600;
				LastUpgradeCheck = 1600;
				TargetAttributes = {
					A00000000000000000000005 = {
						CreatedOnToolsVersion = 16.0;
					};
					A00000000000000000000031 = {
						CreatedOnToolsVersion = 16.0;
						TestTargetID = A00000000000000000000005;
					};
				};
			};
			buildConfigurationList = A0000000000000000000000A /* Build configuration list for PBXProject "MTGScanner" */;
			compatibilityVersion = "Xcode 14.0";
			developmentRegion = en;
			hasScannedForEncodings = 0;
			knownRegions = (
				en,
				Base,
			);
			mainGroup = A00000000000000000000002;
			productRefGroup = A00000000000000000000004 /* Products */;
			projectDirPath = "";
			projectRoot = "";
			targets = (
				A00000000000000000000005 /* MTGScanner */,
				A00000000000000000000031 /* MTGScannerTests */,
			);
		};
/* End PBXProject section */

/* Begin PBXResourcesBuildPhase section */
		A0000000000000000000000C /* Resources */ = {
			isa = PBXResourcesBuildPhase;
			buildActionMask = 2147483647;
			files = (
				A0000000000000000000010B /* Assets.xcassets in Resources */,
				C000000000000000000001A0 /* MTGCardDetector.mlpackage in Resources */,
			);
			runOnlyForDeploymentPostprocessing = 0;
		};
/* End PBXResourcesBuildPhase section */

/* Begin PBXSourcesBuildPhase section */
		A00000000000000000000007 /* Sources */ = {
			isa = PBXSourcesBuildPhase;
			buildActionMask = 2147483647;
			files = (
				A00000000000000000000101 /* AppModel.swift in Sources */,
				A00000000000000000000102 /* MTGScannerApp.swift in Sources */,
				A00000000000000000000103 /* RootTabView.swift in Sources */,
				A00000000000000000000104 /* ResultsView.swift in Sources */,
				A00000000000000000000105 /* ScanView.swift in Sources */,
				A00000000000000000000123 /* ZoomPresetControl.swift in Sources */,
				C000000000000000000001A8 /* ScanMenuButton.swift in Sources */,
				A00000000000000000000106 /* SettingsView.swift in Sources */,
				A00000000000000000000107 /* RecognitionModels.swift in Sources */,
				A00000000000000000000108 /* APIClient.swift in Sources */,
				A00000000000000000000109 /* AppConfig.swift in Sources */,
				A00000000000000000000180 /* CorrectionView.swift in Sources */,
				A0000000000000000000010C /* CardCropService.swift in Sources */,
				A00000000000000000000110 /* DetectedCard.swift in Sources */,
				A00000000000000000000111 /* DetectionMode.swift in Sources */,
				A00000000000000000000112 /* RectangleFilter.swift in Sources */,
				A00000000000000000000113 /* GridInterpolator.swift in Sources */,
				A00000000000000000000114 /* CardDetectionEngine.swift in Sources */,
				A0000000000000000000011B /* CardTracker.swift in Sources */,
				A00000000000000000000115 /* CameraSessionManager.swift in Sources */,
				A00000000000000000000116 /* DetectionOverlayRenderer.swift in Sources */,
				A00000000000000000000117 /* CameraViewController.swift in Sources */,
				A00000000000000000000118 /* CameraPreviewRepresentable.swift in Sources */,
				A00000000000000000000119 /* CardDetectionViewModel.swift in Sources */,
				A0000000000000000000011D /* CameraCaptureCoordinator.swift in Sources */,
				A0000000000000000000011E /* CaptureButton.swift in Sources */,
				A00000000000000000000120 /* CardDetailView.swift in Sources */,
				A0000000000000000000012B /* CardDetailSubviews.swift in Sources */,
				A00000000000000000000121 /* CardDetailViewModel.swift in Sources */,
				A00000000000000000000122 /* FullscreenImageView.swift in Sources */,
				A0000000000000000000012B /* CardDetailSubviews.swift in Sources */,
				A00000000000000000000124 /* CollectionModels.swift in Sources */,
				A00000000000000000000125 /* MoveToSheet.swift in Sources */,
				A00000000000000000000126 /* CollectionItemRow.swift in Sources */,
				A00000000000000000000140 /* CachedAsyncImage.swift in Sources */,
				A00000000000000000000127 /* LibraryView.swift in Sources */,
				A00000000000000000000128 /* LibraryViewModel.swift in Sources */,
				A00000000000000000000129 /* CollectionDetailView.swift in Sources */,
				A0000000000000000000012A /* DeckDetailView.swift in Sources */,
				B00000000000000000000011 /* ExportService.swift in Sources */,
				B00000000000000000000012 /* ExportButton.swift in Sources */,
				C000000000000000000001A1 /* YOLOCardDetector.swift in Sources */,
				C000000000000000000001A2 /* FrameDifferenceAnalyzer.swift in Sources */,
				C000000000000000000001A3 /* CardPresenceTracker.swift in Sources */,
				C000000000000000000001A4 /* QuickScanView.swift in Sources */,
				C000000000000000000001A5 /* QuickScanViewModel.swift in Sources */,
				C000000000000000000001A6 /* RecognitionQueue.swift in Sources */,
			);
			runOnlyForDeploymentPostprocessing = 0;
		};
		A00000000000000000000037 /* Sources */ = {
			isa = PBXSourcesBuildPhase;
			buildActionMask = 2147483647;
			files = (
				A00000000000000000000190 /* DetectedCardTests.swift in Sources */,
				A00000000000000000000191 /* RectangleFilterTests.swift in Sources */,
				A00000000000000000000192 /* GridInterpolatorTests.swift in Sources */,
				A00000000000000000000193 /* DetectionOverlayRendererTests.swift in Sources */,
				A00000000000000000000194 /* AppModelCropToggleTests.swift in Sources */,
				A00000000000000000000195 /* APIClientHealthTests.swift in Sources */,
				A00000000000000000000196 /* ZoomFactorTests.swift in Sources */,
				A00000000000000000000197 /* ZoomPresetTests.swift in Sources */,
				A00000000000000000000198 /* CollectionModelsTests.swift in Sources */,
				B00000000000000000000013 /* ExportServiceTests.swift in Sources */,
				C000000000000000000001B0 /* YOLOCardDetectorTests.swift in Sources */,
				C000000000000000000001B1 /* FrameDifferenceAnalyzerTests.swift in Sources */,
				C000000000000000000001B2 /* CardPresenceTrackerTests.swift in Sources */,
				C000000000000000000001B3 /* QuickScanViewModelTests.swift in Sources */,
				C000000000000000000001B4 /* RecognitionQueueTests.swift in Sources */,
				C000000000000000000001B5 /* ScanMenuButtonTests.swift in Sources */,
			);
			runOnlyForDeploymentPostprocessing = 0;
		};
/* End PBXSourcesBuildPhase section */

/* Begin PBXTargetDependency section */
		A00000000000000000000033 /* PBXTargetDependency */ = {
			isa = PBXTargetDependency;
			target = A00000000000000000000005 /* MTGScanner */;
			targetProxy = A00000000000000000000034 /* PBXContainerItemProxy */;
		};
/* End PBXTargetDependency section */

/* Begin XCBuildConfiguration section */
		A00000000000000000000021 /* Debug */ = {
			isa = XCBuildConfiguration;
			buildSettings = {
				ALWAYS_SEARCH_USER_PATHS = NO;
				CLANG_ENABLE_MODULES = YES;
				CLANG_ENABLE_OBJC_ARC = YES;
				CLANG_WARN_DOCUMENTATION_COMMENTS = YES;
				CLANG_WARN_QUOTED_INCLUDE_IN_FRAMEWORK_HEADER = YES;
				COPY_PHASE_STRIP = NO;
				DEBUG_INFORMATION_FORMAT = dwarf;
				ENABLE_STRICT_OBJC_MSGSEND = YES;
				ENABLE_TESTABILITY = YES;
				GCC_C_LANGUAGE_STANDARD = gnu17;
				GCC_NO_COMMON_BLOCKS = YES;
				GCC_OPTIMIZATION_LEVEL = 0;
				GCC_PREPROCESSOR_DEFINITIONS = (
					"DEBUG=1",
					"$(inherited)",
				);
				IPHONEOS_DEPLOYMENT_TARGET = 17.0;
				SDKROOT = iphoneos;
				SWIFT_ACTIVE_COMPILATION_CONDITIONS = "DEBUG $(inherited)";
				SWIFT_OPTIMIZATION_LEVEL = "-Onone";
			};
			name = Debug;
		};
		A00000000000000000000022 /* Release */ = {
			isa = XCBuildConfiguration;
			buildSettings = {
				ALWAYS_SEARCH_USER_PATHS = NO;
				CLANG_ENABLE_MODULES = YES;
				CLANG_ENABLE_OBJC_ARC = YES;
				CLANG_WARN_DOCUMENTATION_COMMENTS = YES;
				CLANG_WARN_QUOTED_INCLUDE_IN_FRAMEWORK_HEADER = YES;
				COPY_PHASE_STRIP = NO;
				DEBUG_INFORMATION_FORMAT = "dwarf-with-dsym";
				ENABLE_NS_ASSERTIONS = NO;
				ENABLE_STRICT_OBJC_MSGSEND = YES;
				GCC_C_LANGUAGE_STANDARD = gnu17;
				GCC_NO_COMMON_BLOCKS = YES;
				IPHONEOS_DEPLOYMENT_TARGET = 17.0;
				SDKROOT = iphoneos;
				SWIFT_COMPILATION_MODE = wholemodule;
			};
			name = Release;
		};
		A00000000000000000000023 /* Debug */ = {
			isa = XCBuildConfiguration;
			buildSettings = {
				ASSETCATALOG_COMPILER_APPICON_NAME = AppIcon;
				CODE_SIGN_STYLE = Automatic;
				CURRENT_PROJECT_VERSION = 1;
				DEVELOPMENT_TEAM = XH38UHTNGY;
				GENERATE_INFOPLIST_FILE = NO;
				INFOPLIST_FILE = MTGScanner/Support/Info.plist;
				LD_RUNPATH_SEARCH_PATHS = (
					"$(inherited)",
					"@executable_path/Frameworks",
				);
				MARKETING_VERSION = 0.1.0;
				PRODUCT_BUNDLE_IDENTIFIER = com.brettvitaz.mtgscanner;
				PRODUCT_NAME = "$(TARGET_NAME)";
				SUPPORTED_PLATFORMS = "iphoneos iphonesimulator";
				SWIFT_EMIT_LOC_STRINGS = YES;
				SWIFT_VERSION = 5.0;
				TARGETED_DEVICE_FAMILY = "1,2";
			};
			name = Debug;
		};
		A00000000000000000000024 /* Release */ = {
			isa = XCBuildConfiguration;
			buildSettings = {
				ASSETCATALOG_COMPILER_APPICON_NAME = AppIcon;
				CODE_SIGN_STYLE = Automatic;
				CURRENT_PROJECT_VERSION = 1;
				DEVELOPMENT_TEAM = XH38UHTNGY;
				GENERATE_INFOPLIST_FILE = NO;
				INFOPLIST_FILE = MTGScanner/Support/Info.plist;
				LD_RUNPATH_SEARCH_PATHS = (
					"$(inherited)",
					"@executable_path/Frameworks",
				);
				MARKETING_VERSION = 0.1.0;
				PRODUCT_BUNDLE_IDENTIFIER = com.brettvitaz.mtgscanner;
				PRODUCT_NAME = "$(TARGET_NAME)";
				SUPPORTED_PLATFORMS = "iphoneos iphonesimulator";
				SWIFT_EMIT_LOC_STRINGS = YES;
				SWIFT_VERSION = 5.0;
				TARGETED_DEVICE_FAMILY = "1,2";
			};
			name = Release;
		};
		A00000000000000000000035 /* Debug */ = {
			isa = XCBuildConfiguration;
			buildSettings = {
				BUNDLE_LOADER = "$(TEST_HOST)";
				CODE_SIGN_STYLE = Automatic;
				CURRENT_PROJECT_VERSION = 1;
				DEVELOPMENT_TEAM = XH38UHTNGY;
				GENERATE_INFOPLIST_FILE = YES;
				IPHONEOS_DEPLOYMENT_TARGET = 17.0;
				LD_RUNPATH_SEARCH_PATHS = (
					"$(inherited)",
					"@executable_path/Frameworks",
					"@loader_path/Frameworks",
				);
				MARKETING_VERSION = 0.1.0;
				PRODUCT_BUNDLE_IDENTIFIER = com.brettvitaz.mtgscanner.tests;
				PRODUCT_NAME = "$(TARGET_NAME)";
				SDKROOT = iphoneos;
				SUPPORTED_PLATFORMS = "iphoneos iphonesimulator";
				SWIFT_EMIT_LOC_STRINGS = NO;
				SWIFT_VERSION = 5.0;
				TARGETED_DEVICE_FAMILY = "1,2";
				TEST_HOST = "$(BUILT_PRODUCTS_DIR)/MTGScanner.app/$(BUNDLE_EXECUTABLE_FOLDER_PATH)/MTGScanner";
			};
			name = Debug;
		};
		A00000000000000000000036 /* Release */ = {
			isa = XCBuildConfiguration;
			buildSettings = {
				BUNDLE_LOADER = "$(TEST_HOST)";
				CODE_SIGN_STYLE = Automatic;
				CURRENT_PROJECT_VERSION = 1;
				DEVELOPMENT_TEAM = XH38UHTNGY;
				GENERATE_INFOPLIST_FILE = YES;
				IPHONEOS_DEPLOYMENT_TARGET = 17.0;
				LD_RUNPATH_SEARCH_PATHS = (
					"$(inherited)",
					"@executable_path/Frameworks",
					"@loader_path/Frameworks",
				);
				MARKETING_VERSION = 0.1.0;
				PRODUCT_BUNDLE_IDENTIFIER = com.brettvitaz.mtgscanner.tests;
				PRODUCT_NAME = "$(TARGET_NAME)";
				SDKROOT = iphoneos;
				SUPPORTED_PLATFORMS = "iphoneos iphonesimulator";
				SWIFT_EMIT_LOC_STRINGS = NO;
				SWIFT_VERSION = 5.0;
				TARGETED_DEVICE_FAMILY = "1,2";
				TEST_HOST = "$(BUILT_PRODUCTS_DIR)/MTGScanner.app/$(BUNDLE_EXECUTABLE_FOLDER_PATH)/MTGScanner";
			};
			name = Release;
		};
/* End XCBuildConfiguration section */

/* Begin XCConfigurationList section */
		A00000000000000000000009 /* Build configuration list for PBXNativeTarget "MTGScanner" */ = {
			isa = XCConfigurationList;
			buildConfigurations = (
				A00000000000000000000023 /* Debug */,
				A00000000000000000000024 /* Release */,
			);
			defaultConfigurationIsVisible = 0;
			defaultConfigurationName = Release;
		};
		A0000000000000000000000A /* Build configuration list for PBXProject "MTGScanner" */ = {
			isa = XCConfigurationList;
			buildConfigurations = (
				A00000000000000000000021 /* Debug */,
				A00000000000000000000022 /* Release */,
			);
			defaultConfigurationIsVisible = 0;
			defaultConfigurationName = Release;
		};
		A00000000000000000000039 /* Build configuration list for PBXNativeTarget "MTGScannerTests" */ = {
			isa = XCConfigurationList;
			buildConfigurations = (
				A00000000000000000000035 /* Debug */,
				A00000000000000000000036 /* Release */,
			);
			defaultConfigurationIsVisible = 0;
			defaultConfigurationName = Release;
		};
/* End XCConfigurationList section */
	};
	rootObject = A00000000000000000000006 /* Project object */;
}
